// !$*UTF8*$!
{
	archiveVersion = 1;
	classes = {
	};
	objectVersion = 50;
	objects = {

/* Begin PBXBuildFile section */
		AC430A5BC37798670D27EB6D /* Pods_ResearchKitPOCTests.framework in Frameworks */ = {isa = PBXBuildFile; fileRef = F5B155FC27D0A86A9ABECD31 /* Pods_ResearchKitPOCTests.framework */; };
		EF92E3A15C42563FFA538F44 /* Pods_ResearchKitPOC.framework in Frameworks */ = {isa = PBXBuildFile; fileRef = 3B48F5334B9CC748052203B5 /* Pods_ResearchKitPOC.framework */; };
		FBEE080621A6A56B00695765 /* AppDelegate.swift in Sources */ = {isa = PBXBuildFile; fileRef = FBEE080521A6A56B00695765 /* AppDelegate.swift */; };
		FBEE080821A6A56B00695765 /* ViewController.swift in Sources */ = {isa = PBXBuildFile; fileRef = FBEE080721A6A56B00695765 /* ViewController.swift */; };
		FBEE080B21A6A56B00695765 /* Main.storyboard in Resources */ = {isa = PBXBuildFile; fileRef = FBEE080921A6A56B00695765 /* Main.storyboard */; };
		FBEE080D21A6A57000695765 /* Assets.xcassets in Resources */ = {isa = PBXBuildFile; fileRef = FBEE080C21A6A57000695765 /* Assets.xcassets */; };
		FBEE081021A6A57000695765 /* LaunchScreen.storyboard in Resources */ = {isa = PBXBuildFile; fileRef = FBEE080E21A6A57000695765 /* LaunchScreen.storyboard */; };
		FBEE081B21A6A57000695765 /* ResearchKitPOCTests.swift in Sources */ = {isa = PBXBuildFile; fileRef = FBEE081A21A6A57000695765 /* ResearchKitPOCTests.swift */; };
		FBEE082621A6A9B700695765 /* ChartDataSource.swift in Sources */ = {isa = PBXBuildFile; fileRef = FBEE082521A6A9B700695765 /* ChartDataSource.swift */; };
/* End PBXBuildFile section */

/* Begin PBXContainerItemProxy section */
		FBEE081721A6A57000695765 /* PBXContainerItemProxy */ = {
			isa = PBXContainerItemProxy;
			containerPortal = FBEE07FA21A6A56B00695765 /* Project object */;
			proxyType = 1;
			remoteGlobalIDString = FBEE080121A6A56B00695765;
			remoteInfo = ResearchKitPOC;
		};
/* End PBXContainerItemProxy section */

/* Begin PBXFileReference section */
		1C2D6C3E4BF0EA3DA9E3CB4C /* Pods-ResearchKitPOC.release.xcconfig */ = {isa = PBXFileReference; includeInIndex = 1; lastKnownFileType = text.xcconfig; name = "Pods-ResearchKitPOC.release.xcconfig"; path = "Pods/Target Support Files/Pods-ResearchKitPOC/Pods-ResearchKitPOC.release.xcconfig"; sourceTree = "<group>"; };
		1C4FA6EA91A3404F430692C9 /* Pods-ResearchKitPOC.debug.xcconfig */ = {isa = PBXFileReference; includeInIndex = 1; lastKnownFileType = text.xcconfig; name = "Pods-ResearchKitPOC.debug.xcconfig"; path = "Pods/Target Support Files/Pods-ResearchKitPOC/Pods-ResearchKitPOC.debug.xcconfig"; sourceTree = "<group>"; };
		3B48F5334B9CC748052203B5 /* Pods_ResearchKitPOC.framework */ = {isa = PBXFileReference; explicitFileType = wrapper.framework; includeInIndex = 0; path = Pods_ResearchKitPOC.framework; sourceTree = BUILT_PRODUCTS_DIR; };
		C315572B4B22122636399745 /* Pods-ResearchKitPOCTests.debug.xcconfig */ = {isa = PBXFileReference; includeInIndex = 1; lastKnownFileType = text.xcconfig; name = "Pods-ResearchKitPOCTests.debug.xcconfig"; path = "Pods/Target Support Files/Pods-ResearchKitPOCTests/Pods-ResearchKitPOCTests.debug.xcconfig"; sourceTree = "<group>"; };
		D3FAA0567038E4C688811D3C /* Pods-ResearchKitPOCTests.release.xcconfig */ = {isa = PBXFileReference; includeInIndex = 1; lastKnownFileType = text.xcconfig; name = "Pods-ResearchKitPOCTests.release.xcconfig"; path = "Pods/Target Support Files/Pods-ResearchKitPOCTests/Pods-ResearchKitPOCTests.release.xcconfig"; sourceTree = "<group>"; };
		F5B155FC27D0A86A9ABECD31 /* Pods_ResearchKitPOCTests.framework */ = {isa = PBXFileReference; explicitFileType = wrapper.framework; includeInIndex = 0; path = Pods_ResearchKitPOCTests.framework; sourceTree = BUILT_PRODUCTS_DIR; };
		FBEE080221A6A56B00695765 /* ResearchKitPOC.app */ = {isa = PBXFileReference; explicitFileType = wrapper.application; includeInIndex = 0; path = ResearchKitPOC.app; sourceTree = BUILT_PRODUCTS_DIR; };
		FBEE080521A6A56B00695765 /* AppDelegate.swift */ = {isa = PBXFileReference; lastKnownFileType = sourcecode.swift; path = AppDelegate.swift; sourceTree = "<group>"; };
		FBEE080721A6A56B00695765 /* ViewController.swift */ = {isa = PBXFileReference; lastKnownFileType = sourcecode.swift; path = ViewController.swift; sourceTree = "<group>"; };
		FBEE080A21A6A56B00695765 /* Base */ = {isa = PBXFileReference; lastKnownFileType = file.storyboard; name = Base; path = Base.lproj/Main.storyboard; sourceTree = "<group>"; };
		FBEE080C21A6A57000695765 /* Assets.xcassets */ = {isa = PBXFileReference; lastKnownFileType = folder.assetcatalog; path = Assets.xcassets; sourceTree = "<group>"; };
		FBEE080F21A6A57000695765 /* Base */ = {isa = PBXFileReference; lastKnownFileType = file.storyboard; name = Base; path = Base.lproj/LaunchScreen.storyboard; sourceTree = "<group>"; };
		FBEE081121A6A57000695765 /* Info.plist */ = {isa = PBXFileReference; lastKnownFileType = text.plist.xml; path = Info.plist; sourceTree = "<group>"; };
		FBEE081621A6A57000695765 /* ResearchKitPOCTests.xctest */ = {isa = PBXFileReference; explicitFileType = wrapper.cfbundle; includeInIndex = 0; path = ResearchKitPOCTests.xctest; sourceTree = BUILT_PRODUCTS_DIR; };
		FBEE081A21A6A57000695765 /* ResearchKitPOCTests.swift */ = {isa = PBXFileReference; lastKnownFileType = sourcecode.swift; path = ResearchKitPOCTests.swift; sourceTree = "<group>"; };
		FBEE081C21A6A57000695765 /* Info.plist */ = {isa = PBXFileReference; lastKnownFileType = text.plist.xml; path = Info.plist; sourceTree = "<group>"; };
		FBEE082521A6A9B700695765 /* ChartDataSource.swift */ = {isa = PBXFileReference; lastKnownFileType = sourcecode.swift; path = ChartDataSource.swift; sourceTree = "<group>"; };
/* End PBXFileReference section */

/* Begin PBXFrameworksBuildPhase section */
		FBEE07FF21A6A56B00695765 /* Frameworks */ = {
			isa = PBXFrameworksBuildPhase;
			buildActionMask = 2147483647;
			files = (
				EF92E3A15C42563FFA538F44 /* Pods_ResearchKitPOC.framework in Frameworks */,
			);
			runOnlyForDeploymentPostprocessing = 0;
		};
		FBEE081321A6A57000695765 /* Frameworks */ = {
			isa = PBXFrameworksBuildPhase;
			buildActionMask = 2147483647;
			files = (
				AC430A5BC37798670D27EB6D /* Pods_ResearchKitPOCTests.framework in Frameworks */,
			);
			runOnlyForDeploymentPostprocessing = 0;
		};
/* End PBXFrameworksBuildPhase section */

/* Begin PBXGroup section */
		1EA63947603979C8D5CA1123 /* Frameworks */ = {
			isa = PBXGroup;
			children = (
				3B48F5334B9CC748052203B5 /* Pods_ResearchKitPOC.framework */,
				F5B155FC27D0A86A9ABECD31 /* Pods_ResearchKitPOCTests.framework */,
			);
			name = Frameworks;
			sourceTree = "<group>";
		};
		D76CC2253FEC90C3802907EC /* Pods */ = {
			isa = PBXGroup;
			children = (
				1C4FA6EA91A3404F430692C9 /* Pods-ResearchKitPOC.debug.xcconfig */,
				1C2D6C3E4BF0EA3DA9E3CB4C /* Pods-ResearchKitPOC.release.xcconfig */,
				C315572B4B22122636399745 /* Pods-ResearchKitPOCTests.debug.xcconfig */,
				D3FAA0567038E4C688811D3C /* Pods-ResearchKitPOCTests.release.xcconfig */,
			);
			name = Pods;
			sourceTree = "<group>";
		};
		FBEE07F921A6A56B00695765 = {
			isa = PBXGroup;
			children = (
				FBEE080421A6A56B00695765 /* ResearchKitPOC */,
				FBEE081921A6A57000695765 /* ResearchKitPOCTests */,
				FBEE080321A6A56B00695765 /* Products */,
				D76CC2253FEC90C3802907EC /* Pods */,
				1EA63947603979C8D5CA1123 /* Frameworks */,
			);
			sourceTree = "<group>";
		};
		FBEE080321A6A56B00695765 /* Products */ = {
			isa = PBXGroup;
			children = (
				FBEE080221A6A56B00695765 /* ResearchKitPOC.app */,
				FBEE081621A6A57000695765 /* ResearchKitPOCTests.xctest */,
			);
			name = Products;
			sourceTree = "<group>";
		};
		FBEE080421A6A56B00695765 /* ResearchKitPOC */ = {
			isa = PBXGroup;
			children = (
				FBEE080521A6A56B00695765 /* AppDelegate.swift */,
				FBEE080721A6A56B00695765 /* ViewController.swift */,
				FBEE082521A6A9B700695765 /* ChartDataSource.swift */,
				FBEE080921A6A56B00695765 /* Main.storyboard */,
				FBEE080C21A6A57000695765 /* Assets.xcassets */,
				FBEE080E21A6A57000695765 /* LaunchScreen.storyboard */,
				FBEE081121A6A57000695765 /* Info.plist */,
			);
			path = ResearchKitPOC;
			sourceTree = "<group>";
		};
		FBEE081921A6A57000695765 /* ResearchKitPOCTests */ = {
			isa = PBXGroup;
			children = (
				FBEE081A21A6A57000695765 /* ResearchKitPOCTests.swift */,
				FBEE081C21A6A57000695765 /* Info.plist */,
			);
			path = ResearchKitPOCTests;
			sourceTree = "<group>";
		};
/* End PBXGroup section */

/* Begin PBXNativeTarget section */
		FBEE080121A6A56B00695765 /* ResearchKitPOC */ = {
			isa = PBXNativeTarget;
			buildConfigurationList = FBEE081F21A6A57000695765 /* Build configuration list for PBXNativeTarget "ResearchKitPOC" */;
			buildPhases = (
				C3C54FDF81918EBAE4546D9E /* [CP] Check Pods Manifest.lock */,
				FBEE07FE21A6A56B00695765 /* Sources */,
				FBEE07FF21A6A56B00695765 /* Frameworks */,
				FBEE080021A6A56B00695765 /* Resources */,
				EA7DB7F80FF92A46B4084EF5 /* [CP] Embed Pods Frameworks */,
			);
			buildRules = (
			);
			dependencies = (
			);
			name = ResearchKitPOC;
			productName = ResearchKitPOC;
			productReference = FBEE080221A6A56B00695765 /* ResearchKitPOC.app */;
			productType = "com.apple.product-type.application";
		};
		FBEE081521A6A57000695765 /* ResearchKitPOCTests */ = {
			isa = PBXNativeTarget;
			buildConfigurationList = FBEE082221A6A57000695765 /* Build configuration list for PBXNativeTarget "ResearchKitPOCTests" */;
			buildPhases = (
				8EDED1DDEA7FD13D533D6FAC /* [CP] Check Pods Manifest.lock */,
				FBEE081221A6A57000695765 /* Sources */,
				FBEE081321A6A57000695765 /* Frameworks */,
				FBEE081421A6A57000695765 /* Resources */,
			);
			buildRules = (
			);
			dependencies = (
				FBEE081821A6A57000695765 /* PBXTargetDependency */,
			);
			name = ResearchKitPOCTests;
			productName = ResearchKitPOCTests;
			productReference = FBEE081621A6A57000695765 /* ResearchKitPOCTests.xctest */;
			productType = "com.apple.product-type.bundle.unit-test";
		};
/* End PBXNativeTarget section */

/* Begin PBXProject section */
		FBEE07FA21A6A56B00695765 /* Project object */ = {
			isa = PBXProject;
			attributes = {
				LastSwiftUpdateCheck = 1010;
				LastUpgradeCheck = 1010;
				ORGANIZATIONNAME = vikram;
				TargetAttributes = {
					FBEE080121A6A56B00695765 = {
						CreatedOnToolsVersion = 10.1;
					};
					FBEE081521A6A57000695765 = {
						CreatedOnToolsVersion = 10.1;
						TestTargetID = FBEE080121A6A56B00695765;
					};
				};
			};
			buildConfigurationList = FBEE07FD21A6A56B00695765 /* Build configuration list for PBXProject "ResearchKitPOC" */;
			compatibilityVersion = "Xcode 9.3";
			developmentRegion = en;
			hasScannedForEncodings = 0;
			knownRegions = (
				en,
				Base,
			);
			mainGroup = FBEE07F921A6A56B00695765;
			productRefGroup = FBEE080321A6A56B00695765 /* Products */;
			projectDirPath = "";
			projectRoot = "";
			targets = (
				FBEE080121A6A56B00695765 /* ResearchKitPOC */,
				FBEE081521A6A57000695765 /* ResearchKitPOCTests */,
			);
		};
/* End PBXProject section */

/* Begin PBXResourcesBuildPhase section */
		FBEE080021A6A56B00695765 /* Resources */ = {
			isa = PBXResourcesBuildPhase;
			buildActionMask = 2147483647;
			files = (
				FBEE081021A6A57000695765 /* LaunchScreen.storyboard in Resources */,
				FBEE080D21A6A57000695765 /* Assets.xcassets in Resources */,
				FBEE080B21A6A56B00695765 /* Main.storyboard in Resources */,
			);
			runOnlyForDeploymentPostprocessing = 0;
		};
		FBEE081421A6A57000695765 /* Resources */ = {
			isa = PBXResourcesBuildPhase;
			buildActionMask = 2147483647;
			files = (
			);
			runOnlyForDeploymentPostprocessing = 0;
		};
/* End PBXResourcesBuildPhase section */

/* Begin PBXShellScriptBuildPhase section */
		8EDED1DDEA7FD13D533D6FAC /* [CP] Check Pods Manifest.lock */ = {
			isa = PBXShellScriptBuildPhase;
			buildActionMask = 2147483647;
			files = (
			);
			inputPaths = (
				"${PODS_PODFILE_DIR_PATH}/Podfile.lock",
				"${PODS_ROOT}/Manifest.lock",
			);
			name = "[CP] Check Pods Manifest.lock";
			outputPaths = (
				"$(DERIVED_FILE_DIR)/Pods-ResearchKitPOCTests-checkManifestLockResult.txt",
			);
			runOnlyForDeploymentPostprocessing = 0;
			shellPath = /bin/sh;
			shellScript = "diff \"${PODS_PODFILE_DIR_PATH}/Podfile.lock\" \"${PODS_ROOT}/Manifest.lock\" > /dev/null\nif [ $? != 0 ] ; then\n    # print error to STDERR\n    echo \"error: The sandbox is not in sync with the Podfile.lock. Run 'pod install' or update your CocoaPods installation.\" >&2\n    exit 1\nfi\n# This output is used by Xcode 'outputs' to avoid re-running this script phase.\necho \"SUCCESS\" > \"${SCRIPT_OUTPUT_FILE_0}\"\n";
			showEnvVarsInLog = 0;
		};
		C3C54FDF81918EBAE4546D9E /* [CP] Check Pods Manifest.lock */ = {
			isa = PBXShellScriptBuildPhase;
			buildActionMask = 2147483647;
			files = (
			);
			inputPaths = (
				"${PODS_PODFILE_DIR_PATH}/Podfile.lock",
				"${PODS_ROOT}/Manifest.lock",
			);
			name = "[CP] Check Pods Manifest.lock";
			outputPaths = (
				"$(DERIVED_FILE_DIR)/Pods-ResearchKitPOC-checkManifestLockResult.txt",
			);
			runOnlyForDeploymentPostprocessing = 0;
			shellPath = /bin/sh;
			shellScript = "diff \"${PODS_PODFILE_DIR_PATH}/Podfile.lock\" \"${PODS_ROOT}/Manifest.lock\" > /dev/null\nif [ $? != 0 ] ; then\n    # print error to STDERR\n    echo \"error: The sandbox is not in sync with the Podfile.lock. Run 'pod install' or update your CocoaPods installation.\" >&2\n    exit 1\nfi\n# This output is used by Xcode 'outputs' to avoid re-running this script phase.\necho \"SUCCESS\" > \"${SCRIPT_OUTPUT_FILE_0}\"\n";
			showEnvVarsInLog = 0;
		};
		EA7DB7F80FF92A46B4084EF5 /* [CP] Embed Pods Frameworks */ = {
			isa = PBXShellScriptBuildPhase;
			buildActionMask = 2147483647;
			files = (
			);
			inputPaths = (
				"${SRCROOT}/Pods/Target Support Files/Pods-ResearchKitPOC/Pods-ResearchKitPOC-frameworks.sh",
				"${BUILT_PRODUCTS_DIR}/ResearchKit/ResearchKit.framework",
			);
			name = "[CP] Embed Pods Frameworks";
			outputPaths = (
				"${TARGET_BUILD_DIR}/${FRAMEWORKS_FOLDER_PATH}/ResearchKit.framework",
			);
			runOnlyForDeploymentPostprocessing = 0;
			shellPath = /bin/sh;
			shellScript = "\"${SRCROOT}/Pods/Target Support Files/Pods-ResearchKitPOC/Pods-ResearchKitPOC-frameworks.sh\"\n";
			showEnvVarsInLog = 0;
		};
/* End PBXShellScriptBuildPhase section */

/* Begin PBXSourcesBuildPhase section */
		FBEE07FE21A6A56B00695765 /* Sources */ = {
			isa = PBXSourcesBuildPhase;
			buildActionMask = 2147483647;
			files = (
				FBEE080821A6A56B00695765 /* ViewController.swift in Sources */,
				FBEE082621A6A9B700695765 /* ChartDataSource.swift in Sources */,
				FBEE080621A6A56B00695765 /* AppDelegate.swift in Sources */,
			);
			runOnlyForDeploymentPostprocessing = 0;
		};
		FBEE081221A6A57000695765 /* Sources */ = {
			isa = PBXSourcesBuildPhase;
			buildActionMask = 2147483647;
			files = (
				FBEE081B21A6A57000695765 /* ResearchKitPOCTests.swift in Sources */,
			);
			runOnlyForDeploymentPostprocessing = 0;
		};
/* End PBXSourcesBuildPhase section */

/* Begin PBXTargetDependency section */
		FBEE081821A6A57000695765 /* PBXTargetDependency */ = {
			isa = PBXTargetDependency;
			target = FBEE080121A6A56B00695765 /* ResearchKitPOC */;
			targetProxy = FBEE081721A6A57000695765 /* PBXContainerItemProxy */;
		};
/* End PBXTargetDependency section */

/* Begin PBXVariantGroup section */
		FBEE080921A6A56B00695765 /* Main.storyboard */ = {
			isa = PBXVariantGroup;
			children = (
				FBEE080A21A6A56B00695765 /* Base */,
			);
			name = Main.storyboard;
			sourceTree = "<group>";
		};
		FBEE080E21A6A57000695765 /* LaunchScreen.storyboard */ = {
			isa = PBXVariantGroup;
			children = (
				FBEE080F21A6A57000695765 /* Base */,
			);
			name = LaunchScreen.storyboard;
			sourceTree = "<group>";
		};
/* End PBXVariantGroup section */

/* Begin XCBuildConfiguration section */
		FBEE081D21A6A57000695765 /* Debug */ = {
			isa = XCBuildConfiguration;
			buildSettings = {
				ALWAYS_SEARCH_USER_PATHS = NO;
				CLANG_ANALYZER_NONNULL = YES;
				CLANG_ANALYZER_NUMBER_OBJECT_CONVERSION = YES_AGGRESSIVE;
				CLANG_CXX_LANGUAGE_STANDARD = "gnu++14";
				CLANG_CXX_LIBRARY = "libc++";
				CLANG_ENABLE_MODULES = YES;
				CLANG_ENABLE_OBJC_ARC = YES;
				CLANG_ENABLE_OBJC_WEAK = YES;
				CLANG_WARN_BLOCK_CAPTURE_AUTORELEASING = YES;
				CLANG_WARN_BOOL_CONVERSION = YES;
				CLANG_WARN_COMMA = YES;
				CLANG_WARN_CONSTANT_CONVERSION = YES;
				CLANG_WARN_DEPRECATED_OBJC_IMPLEMENTATIONS = YES;
				CLANG_WARN_DIRECT_OBJC_ISA_USAGE = YES_ERROR;
				CLANG_WARN_DOCUMENTATION_COMMENTS = YES;
				CLANG_WARN_EMPTY_BODY = YES;
				CLANG_WARN_ENUM_CONVERSION = YES;
				CLANG_WARN_INFINITE_RECURSION = YES;
				CLANG_WARN_INT_CONVERSION = YES;
				CLANG_WARN_NON_LITERAL_NULL_CONVERSION = YES;
				CLANG_WARN_OBJC_IMPLICIT_RETAIN_SELF = YES;
				CLANG_WARN_OBJC_LITERAL_CONVERSION = YES;
				CLANG_WARN_OBJC_ROOT_CLASS = YES_ERROR;
				CLANG_WARN_RANGE_LOOP_ANALYSIS = YES;
				CLANG_WARN_STRICT_PROTOTYPES = YES;
				CLANG_WARN_SUSPICIOUS_MOVE = YES;
				CLANG_WARN_UNGUARDED_AVAILABILITY = YES_AGGRESSIVE;
				CLANG_WARN_UNREACHABLE_CODE = YES;
				CLANG_WARN__DUPLICATE_METHOD_MATCH = YES;
				CODE_SIGN_IDENTITY = "iPhone Developer";
				COPY_PHASE_STRIP = NO;
				DEBUG_INFORMATION_FORMAT = dwarf;
				ENABLE_STRICT_OBJC_MSGSEND = YES;
				ENABLE_TESTABILITY = YES;
				GCC_C_LANGUAGE_STANDARD = gnu11;
				GCC_DYNAMIC_NO_PIC = NO;
				GCC_NO_COMMON_BLOCKS = YES;
				GCC_OPTIMIZATION_LEVEL = 0;
				GCC_PREPROCESSOR_DEFINITIONS = (
					"DEBUG=1",
					"$(inherited)",
				);
				GCC_WARN_64_TO_32_BIT_CONVERSION = YES;
				GCC_WARN_ABOUT_RETURN_TYPE = YES_ERROR;
				GCC_WARN_UNDECLARED_SELECTOR = YES;
				GCC_WARN_UNINITIALIZED_AUTOS = YES_AGGRESSIVE;
				GCC_WARN_UNUSED_FUNCTION = YES;
				GCC_WARN_UNUSED_VARIABLE = YES;
				IPHONEOS_DEPLOYMENT_TARGET = 12.1;
				MTL_ENABLE_DEBUG_INFO = INCLUDE_SOURCE;
				MTL_FAST_MATH = YES;
				ONLY_ACTIVE_ARCH = YES;
				SDKROOT = iphoneos;
				SWIFT_ACTIVE_COMPILATION_CONDITIONS = DEBUG;
				SWIFT_OPTIMIZATION_LEVEL = "-Onone";
			};
			name = Debug;
		};
		FBEE081E21A6A57000695765 /* Release */ = {
			isa = XCBuildConfiguration;
			buildSettings = {
				ALWAYS_SEARCH_USER_PATHS = NO;
				CLANG_ANALYZER_NONNULL = YES;
				CLANG_ANALYZER_NUMBER_OBJECT_CONVERSION = YES_AGGRESSIVE;
				CLANG_CXX_LANGUAGE_STANDARD = "gnu++14";
				CLANG_CXX_LIBRARY = "libc++";
				CLANG_ENABLE_MODULES = YES;
				CLANG_ENABLE_OBJC_ARC = YES;
				CLANG_ENABLE_OBJC_WEAK = YES;
				CLANG_WARN_BLOCK_CAPTURE_AUTORELEASING = YES;
				CLANG_WARN_BOOL_CONVERSION = YES;
				CLANG_WARN_COMMA = YES;
				CLANG_WARN_CONSTANT_CONVERSION = YES;
				CLANG_WARN_DEPRECATED_OBJC_IMPLEMENTATIONS = YES;
				CLANG_WARN_DIRECT_OBJC_ISA_USAGE = YES_ERROR;
				CLANG_WARN_DOCUMENTATION_COMMENTS = YES;
				CLANG_WARN_EMPTY_BODY = YES;
				CLANG_WARN_ENUM_CONVERSION = YES;
				CLANG_WARN_INFINITE_RECURSION = YES;
				CLANG_WARN_INT_CONVERSION = YES;
				CLANG_WARN_NON_LITERAL_NULL_CONVERSION = YES;
				CLANG_WARN_OBJC_IMPLICIT_RETAIN_SELF = YES;
				CLANG_WARN_OBJC_LITERAL_CONVERSION = YES;
				CLANG_WARN_OBJC_ROOT_CLASS = YES_ERROR;
				CLANG_WARN_RANGE_LOOP_ANALYSIS = YES;
				CLANG_WARN_STRICT_PROTOTYPES = YES;
				CLANG_WARN_SUSPICIOUS_MOVE = YES;
				CLANG_WARN_UNGUARDED_AVAILABILITY = YES_AGGRESSIVE;
				CLANG_WARN_UNREACHABLE_CODE = YES;
				CLANG_WARN__DUPLICATE_METHOD_MATCH = YES;
				CODE_SIGN_IDENTITY = "iPhone Developer";
				COPY_PHASE_STRIP = NO;
				DEBUG_INFORMATION_FORMAT = "dwarf-with-dsym";
				ENABLE_NS_ASSERTIONS = NO;
				ENABLE_STRICT_OBJC_MSGSEND = YES;
				GCC_C_LANGUAGE_STANDARD = gnu11;
				GCC_NO_COMMON_BLOCKS = YES;
				GCC_WARN_64_TO_32_BIT_CONVERSION = YES;
				GCC_WARN_ABOUT_RETURN_TYPE = YES_ERROR;
				GCC_WARN_UNDECLARED_SELECTOR = YES;
				GCC_WARN_UNINITIALIZED_AUTOS = YES_AGGRESSIVE;
				GCC_WARN_UNUSED_FUNCTION = YES;
				GCC_WARN_UNUSED_VARIABLE = YES;
				IPHONEOS_DEPLOYMENT_TARGET = 12.1;
				MTL_ENABLE_DEBUG_INFO = NO;
				MTL_FAST_MATH = YES;
				SDKROOT = iphoneos;
				SWIFT_COMPILATION_MODE = wholemodule;
				SWIFT_OPTIMIZATION_LEVEL = "-O";
				VALIDATE_PRODUCT = YES;
			};
			name = Release;
		};
		FBEE082021A6A57000695765 /* Debug */ = {
			isa = XCBuildConfiguration;
			baseConfigurationReference = 1C4FA6EA91A3404F430692C9 /* Pods-ResearchKitPOC.debug.xcconfig */;
			buildSettings = {
				ASSETCATALOG_COMPILER_APPICON_NAME = AppIcon;
				CODE_SIGN_STYLE = Automatic;
				DEVELOPMENT_TEAM = QKUF5Q53HX;
				INFOPLIST_FILE = ResearchKitPOC/Info.plist;
				LD_RUNPATH_SEARCH_PATHS = (
					"$(inherited)",
					"@executable_path/Frameworks",
				);
				PRODUCT_BUNDLE_IDENTIFIER = com.vikram.ResearchKitPOC;
				PRODUCT_NAME = "$(TARGET_NAME)";
				SWIFT_VERSION = 4.2;
				TARGETED_DEVICE_FAMILY = "1,2";
			};
			name = Debug;
		};
		FBEE082121A6A57000695765 /* Release */ = {
			isa = XCBuildConfiguration;
			baseConfigurationReference = 1C2D6C3E4BF0EA3DA9E3CB4C /* Pods-ResearchKitPOC.release.xcconfig */;
			buildSettings = {
				ASSETCATALOG_COMPILER_APPICON_NAME = AppIcon;
				CODE_SIGN_STYLE = Automatic;
				DEVELOPMENT_TEAM = QKUF5Q53HX;
				INFOPLIST_FILE = ResearchKitPOC/Info.plist;
				LD_RUNPATH_SEARCH_PATHS = (
					"$(inherited)",
					"@executable_path/Frameworks",
				);
				PRODUCT_BUNDLE_IDENTIFIER = com.vikram.ResearchKitPOC;
				PRODUCT_NAME = "$(TARGET_NAME)";
				SWIFT_VERSION = 4.2;
				TARGETED_DEVICE_FAMILY = "1,2";
			};
			name = Release;
		};
		FBEE082321A6A57000695765 /* Debug */ = {
			isa = XCBuildConfiguration;
			baseConfigurationReference = C315572B4B22122636399745 /* Pods-ResearchKitPOCTests.debug.xcconfig */;
			buildSettings = {
				ALWAYS_EMBED_SWIFT_STANDARD_LIBRARIES = YES;
				BUNDLE_LOADER = "$(TEST_HOST)";
				CODE_SIGN_STYLE = Automatic;
				DEVELOPMENT_TEAM = QKUF5Q53HX;
				INFOPLIST_FILE = ResearchKitPOCTests/Info.plist;
				LD_RUNPATH_SEARCH_PATHS = (
					"$(inherited)",
					"@executable_path/Frameworks",
					"@loader_path/Frameworks",
				);
				PRODUCT_BUNDLE_IDENTIFIER = com.vikram.ResearchKitPOCTests;
				PRODUCT_NAME = "$(TARGET_NAME)";
				SWIFT_VERSION = 4.2;
				TARGETED_DEVICE_FAMILY = "1,2";
				TEST_HOST = "$(BUILT_PRODUCTS_DIR)/ResearchKitPOC.app/ResearchKitPOC";
			};
			name = Debug;
		};
		FBEE082421A6A57000695765 /* Release */ = {
			isa = XCBuildConfiguration;
			baseConfigurationReference = D3FAA0567038E4C688811D3C /* Pods-ResearchKitPOCTests.release.xcconfig */;
			buildSettings = {
				ALWAYS_EMBED_SWIFT_STANDARD_LIBRARIES = YES;
				BUNDLE_LOADER = "$(TEST_HOST)";
				CODE_SIGN_STYLE = Automatic;
				DEVELOPMENT_TEAM = QKUF5Q53HX;
				INFOPLIST_FILE = ResearchKitPOCTests/Info.plist;
				LD_RUNPATH_SEARCH_PATHS = (
					"$(inherited)",
					"@executable_path/Frameworks",
					"@loader_path/Frameworks",
				);
				PRODUCT_BUNDLE_IDENTIFIER = com.vikram.ResearchKitPOCTests;
				PRODUCT_NAME = "$(TARGET_NAME)";
				SWIFT_VERSION = 4.2;
				TARGETED_DEVICE_FAMILY = "1,2";
				TEST_HOST = "$(BUILT_PRODUCTS_DIR)/ResearchKitPOC.app/ResearchKitPOC";
			};
			name = Release;
		};
/* End XCBuildConfiguration section */

/* Begin XCConfigurationList section */
		FBEE07FD21A6A56B00695765 /* Build configuration list for PBXProject "ResearchKitPOC" */ = {
			isa = XCConfigurationList;
			buildConfigurations = (
				FBEE081D21A6A57000695765 /* Debug */,
				FBEE081E21A6A57000695765 /* Release */,
			);
			defaultConfigurationIsVisible = 0;
			defaultConfigurationName = Release;
		};
		FBEE081F21A6A57000695765 /* Build configuration list for PBXNativeTarget "ResearchKitPOC" */ = {
			isa = XCConfigurationList;
			buildConfigurations = (
				FBEE082021A6A57000695765 /* Debug */,
				FBEE082121A6A57000695765 /* Release */,
			);
			defaultConfigurationIsVisible = 0;
			defaultConfigurationName = Release;
		};
		FBEE082221A6A57000695765 /* Build configuration list for PBXNativeTarget "ResearchKitPOCTests" */ = {
			isa = XCConfigurationList;
			buildConfigurations = (
				FBEE082321A6A57000695765 /* Debug */,
				FBEE082421A6A57000695765 /* Release */,
			);
			defaultConfigurationIsVisible = 0;
			defaultConfigurationName = Release;
		};
/* End XCConfigurationList section */
	};
	rootObject = FBEE07FA21A6A56B00695765 /* Project object */;
}
